{
  "name": "local-gaussian-viewer",
  "version": "1.0.0",
  "lockfileVersion": 3,
  "requires": true,
  "packages": {
    "": {
      "name": "local-gaussian-viewer",
      "version": "1.0.0",
      "dependencies": {
        "@playcanvas/supersplat-viewer": "1.28.0"
      },
      "engines": {
        "node": ">=18.0.0"
      }
    },
    "node_modules/@playcanvas/supersplat-viewer": {
      "version": "1.28.0",
      "resolved": "https://registry.npmmirror.com/@playcanvas/supersplat-viewer/-/supersplat-viewer-1.28.0.tgz",
      "integrity": "sha512-l96OKIolOp7C2Eikso6DEeMU/S50DXhk2BNehYOcmgubfgUbPxKQeAx8rBFlw1ECLpUekhE5+pWuaONROcW0xw==",
      "license": "MIT",
      "engines": {
        "node": ">=18.0.0"
      }
    }
  }
}
